id: ocd-person/dc6fb38d-1d82-49a0-b339-4a76f6c55d1c
name: Aubrey Wayne Blalock
identifiers: []
candidacies: []
verification:
  status: volunteer-verified
  pipeline: ms-municipal-fanout-issue122
sources:
- url: https://www.amitecounty.ms/liberty
  note: 'Issue #122 fanout: Alderman confirmed on official city roster.'
  retrieved: '2026-10-06'
