id: ocd-person/3c4b31b8-5e00-4629-826e-1583207b95c9
name: Paul Tadlock
identifiers: []
candidacies: []
verification:
  status: volunteer-verified
  pipeline: ms-municipal-mml-sweep-issue122
sources:
- url: https://www.mmlonline.com/members/municipalities/Lake/
  note: 'Issue #122: Alderman confirmed on MML Government Contacts roster. Issue #122: per Walter 2026-10-08, for MS towns with no official website the MML Government Contacts roster serves as the official source.'
  retrieved: '2026-10-08'
