# Imported from reference/MA Rolling Audit/ (MA municipal charter/
# elected-office rolling audit, generated 2026-08-21) by scripts/
# import_ma_charter_audit_v27.py. Source rows were machine-extracted from
# municipal government sites; see the record's sources for provenance.
id: newton-ma-ward-councilor-block
person_id: ocd-person/e3f7edd0-a209-5fb5-97d4-5a8bb1a912a7
organization_id: ocd-organization/b2bf1c01-5225-56d0-9954-240e63d1033e
post_id: newton-ma/ward-councilor
role: Ward Councilor
sources:
- url: https://www.newtonma.gov/government/city-clerk/city-council
  retrieved: '2026-08-21'
seat: Ward 4
