# Hand-verified against the town's official website for issue #34's
# MA municipal officeholder backfill (never covered by issue #16's
# original research pass). Machine-extracted via a Claude web-fetch
# pass, pending human sign-off.
id: worthington-ma-planning-board-kate-bavelock
person_id: ocd-person/f58c56ed-bebc-52d2-865a-c2bb3e0802bd
organization_id: ocd-organization/ba470d00-8b11-5266-a163-a34a9c1fbc86
post_id: worthington-ma/planning-board
role: Planning Board Member
how_seated: elected
sources:
- url: https://worthington-ma.us/2026/05/2026-preliminary-town-election-results/
  note: '2026-05-02 Annual Town Election: Planning Board (article states a 5-year term, unusual for this office elsewhere -- not recorded as end year) -- Kate Bavelock, 280 votes (unopposed; 1 of 5 seats up).'
  retrieved: '2026-09-09'
