# Machine-generated from OCPF's filer registry (api.ocpf.us/filer/payload/{cpfId})
# by scripts/build_ocpf_enrichment.py. Only regular (non-special), already-held
# elections are modeled; see the script's module docstring for the full set of
# judgment calls.
id: ocd-person/057ee5f5-f7d4-5507-a0c6-cbcacb74ed08
name: John Patrick Lock
identifiers:
- scheme: ocpf-filer-id
  identifier: '15845'
candidacies:
- contest_id: ma-house-32nd-middlesex/2014-11-04/state-representative
  election_id: ma-house-32nd-middlesex/2014-11-04/general
  jurisdiction_id: ocd-jurisdiction/country:us/state:ma/sldl:32nd-middlesex/legislature
  office_id: ma-house-32nd-middlesex/state-representative
  party: Republican
  ballot_name: John Patrick Lock
  status: active
  sources:
  - url: https://ocpf.us/filers?q=15845
verification:
  status: machine-extracted
  pipeline: ocpf-filer-registry
sources:
- url: https://ocpf.us/filers?q=15845
