id: petal/alderman-ward-6-craig-bullock
person_id: ocd-person/fe6306d2-0e54-44e8-810d-d9bad7e1b098
organization_id: ocd-organization/d45ff364-bcf4-4f50-8ef1-2c95af80374a
post_id: petal/alderman-ward-6
role: Alderman
seat: Ward 6
how_seated: elected
sources:
- url: https://cityofpetal.com/directory
  note: 'Issue #122 fanout: Alderman confirmed on official city roster.'
  retrieved: '2026-10-06'
